
Microsoft Visual Studio Solution File, Format Version 12.00
# Visual Studio Version 16
VisualStudioVersion = 16.0.29806.167
MinimumVisualStudioVersion = 10.0.40219.1
Project("{FAE04EC0-301F-11D3-BF4B-00C04F79EFBC}") = "HKiosk", "HKiosk\HKiosk.csproj", "{243EE4BC-C455-4A13-8CE4-C8355908C2DB}"
EndProject
Global
	GlobalSection(SolutionConfigurationPlatforms) = preSolution
		Debug|Any CPU = Debug|Any CPU
		Release|Any CPU = Release|Any CPU
	EndGlobalSection
	GlobalSection(ProjectConfigurationPlatforms) = postSolution
		{243EE4BC-C455-4A13-8CE4-C8355908C2DB}.Debug|Any CPU.ActiveCfg = Debug|Any CPU
		{243EE4BC-C455-4A13-8CE4-C8355908C2DB}.Debug|Any CPU.Build.0 = Debug|Any CPU
		{243EE4BC-C455-4A13-8CE4-C8355908C2DB}.Release|Any CPU.ActiveCfg = Release|Any CPU
		{243EE4BC-C455-4A13-8CE4-C8355908C2DB}.Release|Any CPU.Build.0 = Release|Any CPU
	EndGlobalSection
	GlobalSection(SolutionProperties) = preSolution
		HideSolutionNode = FALSE
	EndGlobalSection
	GlobalSection(ExtensibilityGlobals) = postSolution
		SolutionGuid = {4C7158C2-235D-4439-B25D-B35BB7FF3B29}
	EndGlobalSection
EndGlobal
